// !$*UTF8*$!
{
	archiveVersion = 1;
	classes = {
	};
	objectVersion = 46;
	objects = {

/* Begin PBXBuildFile section */
		03F090DF13C7550500A58AE7 /* SystemConfiguration.framework in Frameworks */ = {isa = PBXBuildFile; fileRef = 03F0877813C7492B00A58AE7 /* SystemConfiguration.framework */; };
		03F090E013C7550500A58AE7 /* UIKit.framework in Frameworks */ = {isa = PBXBuildFile; fileRef = 03F239B513C6FFFB00E9BD32 /* UIKit.framework */; };
		03F090E113C7550500A58AE7 /* Foundation.framework in Frameworks */ = {isa = PBXBuildFile; fileRef = 03F239B713C6FFFB00E9BD32 /* Foundation.framework */; };
		03F090E213C7550500A58AE7 /* CoreGraphics.framework in Frameworks */ = {isa = PBXBuildFile; fileRef = 03F239B913C6FFFB00E9BD32 /* CoreGraphics.framework */; };
		C71AC207183379E000A189F1 /* libsqlite3.0.dylib in Frameworks */ = {isa = PBXBuildFile; fileRef = C71AC206183379E000A189F1 /* libsqlite3.0.dylib */; };
		C71AC209183379F300A189F1 /* AVFoundation.framework in Frameworks */ = {isa = PBXBuildFile; fileRef = C71AC208183379F300A189F1 /* AVFoundation.framework */; };
		C71AC20B18337A1000A189F1 /* QuartzCore.framework in Frameworks */ = {isa = PBXBuildFile; fileRef = C71AC20A18337A1000A189F1 /* QuartzCore.framework */; };
		C74DAAA5183269D400580179 /* FireInitialOutcomes.m in Sources */ = {isa = PBXBuildFile; fileRef = C74DAA4F183269D300580179 /* FireInitialOutcomes.m */; };
		C74DAAA6183269D400580179 /* GenericAction.m in Sources */ = {isa = PBXBuildFile; fileRef = C74DAA51183269D300580179 /* GenericAction.m */; };
		C74DAAA7183269D400580179 /* CustomTemporaryAction.m in Sources */ = {isa = PBXBuildFile; fileRef = C74DAA54183269D300580179 /* CustomTemporaryAction.m */; };
		C74DAAA8183269D400580179 /* CustomAppDelegate.m in Sources */ = {isa = PBXBuildFile; fileRef = C74DAA56183269D300580179 /* CustomAppDelegate.m */; };
		C74DAAA9183269D400580179 /* CustomApplicationFactory.m in Sources */ = {isa = PBXBuildFile; fileRef = C74DAA58183269D300580179 /* CustomApplicationFactory.m */; };
		C74DAAAB183269D400580179 /* NSDateUtilities.m in Sources */ = {isa = PBXBuildFile; fileRef = C74DAA60183269D300580179 /* NSDateUtilities.m */; };
		C74DAAAE183269D400580179 /* CustomBasicViewController.m in Sources */ = {isa = PBXBuildFile; fileRef = C74DAA69183269D300580179 /* CustomBasicViewController.m */; };
		C74DAAAF183269D400580179 /* CustomSplashScreen.m in Sources */ = {isa = PBXBuildFile; fileRef = C74DAA6C183269D300580179 /* CustomSplashScreen.m */; };
		C74DAAB0183269D400580179 /* CustomColor.m in Sources */ = {isa = PBXBuildFile; fileRef = C74DAA6F183269D300580179 /* CustomColor.m */; };
		C74DAAB1183269D400580179 /* CustomStyleConstants.m in Sources */ = {isa = PBXBuildFile; fileRef = C74DAA71183269D300580179 /* CustomStyleConstants.m */; };
		C74DAAB2183269D400580179 /* CustomStyleHandler.m in Sources */ = {isa = PBXBuildFile; fileRef = C74DAA73183269D300580179 /* CustomStyleHandler.m */; };
		C74DAAB3183269D400580179 /* actions.xmlx in Resources */ = {isa = PBXBuildFile; fileRef = C74DAA76183269D300580179 /* actions.xmlx */; };
		C74DAAB4183269D400580179 /* config.xmlx in Resources */ = {isa = PBXBuildFile; fileRef = C74DAA77183269D300580179 /* config.xmlx */; };
		C74DAAB5183269D400580179 /* dialogs.xmlx in Resources */ = {isa = PBXBuildFile; fileRef = C74DAA78183269D300580179 /* dialogs.xmlx */; };
		C74DAAB6183269D400580179 /* documents.xmlx in Resources */ = {isa = PBXBuildFile; fileRef = C74DAA79183269D300580179 /* documents.xmlx */; };
		C74DAAB7183269D400580179 /* domains.xmlx in Resources */ = {isa = PBXBuildFile; fileRef = C74DAA7A183269D300580179 /* domains.xmlx */; };
		C74DAAB8183269D400580179 /* outcomes.xmlx in Resources */ = {isa = PBXBuildFile; fileRef = C74DAA7B183269D400580179 /* outcomes.xmlx */; };
		C74DAAB9183269D400580179 /* pages.xmlx in Resources */ = {isa = PBXBuildFile; fileRef = C74DAA7C183269D400580179 /* pages.xmlx */; };
		C74DAABA183269D400580179 /* applicationproperties.xmlx in Resources */ = {isa = PBXBuildFile; fileRef = C74DAA7E183269D400580179 /* applicationproperties.xmlx */; };
		C74DAABB183269D400580179 /* endpoints.xmlx in Resources */ = {isa = PBXBuildFile; fileRef = C74DAA7F183269D400580179 /* endpoints.xmlx */; };
		C74DAABC183269D400580179 /* InitialOutcomes.xmlx in Resources */ = {isa = PBXBuildFile; fileRef = C74DAA80183269D400580179 /* InitialOutcomes.xmlx */; };
		C74DAABD183269D400580179 /* resources.xmlx in Resources */ = {isa = PBXBuildFile; fileRef = C74DAA81183269D400580179 /* resources.xmlx */; };
		C74DAABE183269D400580179 /* ApplicationIcon-72.png in Resources */ = {isa = PBXBuildFile; fileRef = C74DAA84183269D400580179 /* ApplicationIcon-72.png */; };
		C74DAABF183269D400580179 /* ApplicationIcon.png in Resources */ = {isa = PBXBuildFile; fileRef = C74DAA85183269D400580179 /* ApplicationIcon.png */; };
		C74DAAC0183269D400580179 /* ApplicationIcon@2x.png in Resources */ = {isa = PBXBuildFile; fileRef = C74DAA86183269D400580179 /* ApplicationIcon@2x.png */; };
		C74DAAC1183269D400580179 /* iTunesArtwork.png in Resources */ = {isa = PBXBuildFile; fileRef = C74DAA87183269D400580179 /* iTunesArtwork.png */; };
		C74DAAC2183269D400580179 /* Background-default.png in Resources */ = {isa = PBXBuildFile; fileRef = C74DAA89183269D400580179 /* Background-default.png */; };
		C74DAAC3183269D400580179 /* Background-default@2x.png in Resources */ = {isa = PBXBuildFile; fileRef = C74DAA8A183269D400580179 /* Background-default@2x.png */; };
		C74DAAC4183269D400580179 /* LaunchImage.png in Resources */ = {isa = PBXBuildFile; fileRef = C74DAA8C183269D400580179 /* LaunchImage.png */; };
		C74DAAC5183269D400580179 /* LaunchImage@2x.png in Resources */ = {isa = PBXBuildFile; fileRef = C74DAA8D183269D400580179 /* LaunchImage@2x.png */; };
		C74DAAC6183269D400580179 /* Icon_Tab_calendar.png in Resources */ = {isa = PBXBuildFile; fileRef = C74DAA8F183269D400580179 /* Icon_Tab_calendar.png */; };
		C74DAAC7183269D400580179 /* Icon_Tab_calendar@2x.png in Resources */ = {isa = PBXBuildFile; fileRef = C74DAA90183269D400580179 /* Icon_Tab_calendar@2x.png */; };
		C74DAAC8183269D400580179 /* Icon_Tab_cart.png.png in Resources */ = {isa = PBXBuildFile; fileRef = C74DAA91183269D400580179 /* Icon_Tab_cart.png.png */; };
		C74DAAC9183269D400580179 /* Icon_Tab_cart@2x.png in Resources */ = {isa = PBXBuildFile; fileRef = C74DAA92183269D400580179 /* Icon_Tab_cart@2x.png */; };
		C74DAACA183269D400580179 /* Icon_Tab_home.png in Resources */ = {isa = PBXBuildFile; fileRef = C74DAA93183269D400580179 /* Icon_Tab_home.png */; };
		C74DAACB183269D400580179 /* Icon_Tab_home@2x.png in Resources */ = {isa = PBXBuildFile; fileRef = C74DAA94183269D400580179 /* Icon_Tab_home@2x.png */; };
		C74DAACC183269D400580179 /* Icon_Tab_Info.png in Resources */ = {isa = PBXBuildFile; fileRef = C74DAA95183269D400580179 /* Icon_Tab_Info.png */; };
		C74DAACD183269D400580179 /* Icon_Tab_Info@2x.png in Resources */ = {isa = PBXBuildFile; fileRef = C74DAA96183269D400580179 /* Icon_Tab_Info@2x.png */; };
		C74DAACE183269D400580179 /* Icon_Tab_Settings.png in Resources */ = {isa = PBXBuildFile; fileRef = C74DAA97183269D400580179 /* Icon_Tab_Settings.png */; };
		C74DAACF183269D400580179 /* Icon_Tab_Settings@2x.png in Resources */ = {isa = PBXBuildFile; fileRef = C74DAA98183269D400580179 /* Icon_Tab_Settings@2x.png */; };
		C74DAAD0183269D400580179 /* Tab_Home.png in Resources */ = {isa = PBXBuildFile; fileRef = C74DAA99183269D400580179 /* Tab_Home.png */; };
		C74DAAD1183269D400580179 /* Tab_Home@2x.png in Resources */ = {isa = PBXBuildFile; fileRef = C74DAA9A183269D400580179 /* Tab_Home@2x.png */; };
		C74DAAD2183269D400580179 /* Tab_Info.png in Resources */ = {isa = PBXBuildFile; fileRef = C74DAA9B183269D400580179 /* Tab_Info.png */; };
		C74DAAD3183269D400580179 /* Tab_Info@2x.png in Resources */ = {isa = PBXBuildFile; fileRef = C74DAA9C183269D400580179 /* Tab_Info@2x.png */; };
		C74DAAD4183269D400580179 /* texts-nl.xmlx in Resources */ = {isa = PBXBuildFile; fileRef = C74DAA9E183269D400580179 /* texts-nl.xmlx */; };
		C74DAAD5183269D400580179 /* InfoPlist.strings in Resources */ = {isa = PBXBuildFile; fileRef = C74DAAA0183269D400580179 /* InfoPlist.strings */; };
		C74DAAD6183269D400580179 /* main.m in Sources */ = {isa = PBXBuildFile; fileRef = C74DAAA2183269D400580179 /* main.m */; };
		C74DAAD7183269D400580179 /* mobbl-blueprint-app-Info.plist in Resources */ = {isa = PBXBuildFile; fileRef = C74DAAA3183269D400580179 /* mobbl-blueprint-app-Info.plist */; };
		C75A44EA18729D580014F708 /* CustomSoapServiceDataHandler.m in Sources */ = {isa = PBXBuildFile; fileRef = C75A44E918729D580014F708 /* CustomSoapServiceDataHandler.m */; };
		C7784D6B1834F478003D7F1B /* libmobbl-core-lib.a in Frameworks */ = {isa = PBXBuildFile; fileRef = C7784D6A1834F478003D7F1B /* libmobbl-core-lib.a */; };
		C792DF9B1847A7F900E98C77 /* dialogs_mobbl.xmlx in Resources */ = {isa = PBXBuildFile; fileRef = C792DF9A1847A7F900E98C77 /* dialogs_mobbl.xmlx */; };
		C7F62EE8185A206B00E9B6E9 /* MBDatePicker.xib in Resources */ = {isa = PBXBuildFile; fileRef = C7F62EE6185A206B00E9B6E9 /* MBDatePicker.xib */; };
		C7F62EE9185A206B00E9B6E9 /* MBPicker.xib in Resources */ = {isa = PBXBuildFile; fileRef = C7F62EE7185A206B00E9B6E9 /* MBPicker.xib */; };
/* End PBXBuildFile section */

/* Begin PBXFileReference section */
		03C1DDC413CC64400070706E /* itude-mobile-iphone-core.framework */ = {isa = PBXFileReference; lastKnownFileType = wrapper.framework; path = "itude-mobile-iphone-core.framework"; sourceTree = "<group>"; };
		03F0877813C7492B00A58AE7 /* SystemConfiguration.framework */ = {isa = PBXFileReference; lastKnownFileType = wrapper.framework; name = SystemConfiguration.framework; path = System/Library/Frameworks/SystemConfiguration.framework; sourceTree = SDKROOT; };
		03F090F213C7550500A58AE7 /* mobbl-blueprint-app.app */ = {isa = PBXFileReference; explicitFileType = wrapper.application; includeInIndex = 0; path = "mobbl-blueprint-app.app"; sourceTree = BUILT_PRODUCTS_DIR; };
		03F0969913CB331600A58AE7 /* itude-mobile-iphone-core-i386.framework */ = {isa = PBXFileReference; lastKnownFileType = wrapper.framework; path = "itude-mobile-iphone-core-i386.framework"; sourceTree = "<group>"; };
		03F239B513C6FFFB00E9BD32 /* UIKit.framework */ = {isa = PBXFileReference; lastKnownFileType = wrapper.framework; name = UIKit.framework; path = System/Library/Frameworks/UIKit.framework; sourceTree = SDKROOT; };
		03F239B713C6FFFB00E9BD32 /* Foundation.framework */ = {isa = PBXFileReference; lastKnownFileType = wrapper.framework; name = Foundation.framework; path = System/Library/Frameworks/Foundation.framework; sourceTree = SDKROOT; };
		03F239B913C6FFFB00E9BD32 /* CoreGraphics.framework */ = {isa = PBXFileReference; lastKnownFileType = wrapper.framework; name = CoreGraphics.framework; path = System/Library/Frameworks/CoreGraphics.framework; sourceTree = SDKROOT; };
		C707E94D1833633000046DF2 /* libmobbl-core-lib.a */ = {isa = PBXFileReference; lastKnownFileType = archive.ar; name = "libmobbl-core-lib.a"; path = "../../target/libs/Debug-iphonesimulator/com.itude.mobile.ios.mobbl/mobbl-core-lib/libmobbl-core-lib.a"; sourceTree = "<group>"; };
		C71AC206183379E000A189F1 /* libsqlite3.0.dylib */ = {isa = PBXFileReference; lastKnownFileType = "compiled.mach-o.dylib"; name = libsqlite3.0.dylib; path = usr/lib/libsqlite3.0.dylib; sourceTree = SDKROOT; };
		C71AC208183379F300A189F1 /* AVFoundation.framework */ = {isa = PBXFileReference; lastKnownFileType = wrapper.framework; name = AVFoundation.framework; path = System/Library/Frameworks/AVFoundation.framework; sourceTree = SDKROOT; };
		C71AC20A18337A1000A189F1 /* QuartzCore.framework */ = {isa = PBXFileReference; lastKnownFileType = wrapper.framework; name = QuartzCore.framework; path = System/Library/Frameworks/QuartzCore.framework; sourceTree = SDKROOT; };
		C74DAA4E183269D300580179 /* FireInitialOutcomes.h */ = {isa = PBXFileReference; fileEncoding = 4; lastKnownFileType = sourcecode.c.h; path = FireInitialOutcomes.h; sourceTree = "<group>"; };
		C74DAA4F183269D300580179 /* FireInitialOutcomes.m */ = {isa = PBXFileReference; fileEncoding = 4; lastKnownFileType = sourcecode.c.objc; path = FireInitialOutcomes.m; sourceTree = "<group>"; };
		C74DAA50183269D300580179 /* GenericAction.h */ = {isa = PBXFileReference; fileEncoding = 4; lastKnownFileType = sourcecode.c.h; path = GenericAction.h; sourceTree = "<group>"; };
		C74DAA51183269D300580179 /* GenericAction.m */ = {isa = PBXFileReference; fileEncoding = 4; lastKnownFileType = sourcecode.c.objc; path = GenericAction.m; sourceTree = "<group>"; };
		C74DAA53183269D300580179 /* CustomTemporaryAction.h */ = {isa = PBXFileReference; fileEncoding = 4; lastKnownFileType = sourcecode.c.h; path = CustomTemporaryAction.h; sourceTree = "<group>"; };
		C74DAA54183269D300580179 /* CustomTemporaryAction.m */ = {isa = PBXFileReference; fileEncoding = 4; lastKnownFileType = sourcecode.c.objc; path = CustomTemporaryAction.m; sourceTree = "<group>"; };
		C74DAA55183269D300580179 /* CustomAppDelegate.h */ = {isa = PBXFileReference; fileEncoding = 4; lastKnownFileType = sourcecode.c.h; path = CustomAppDelegate.h; sourceTree = "<group>"; };
		C74DAA56183269D300580179 /* CustomAppDelegate.m */ = {isa = PBXFileReference; fileEncoding = 4; lastKnownFileType = sourcecode.c.objc; path = CustomAppDelegate.m; sourceTree = "<group>"; };
		C74DAA57183269D300580179 /* CustomApplicationFactory.h */ = {isa = PBXFileReference; fileEncoding = 4; lastKnownFileType = sourcecode.c.h; path = CustomApplicationFactory.h; sourceTree = "<group>"; };
		C74DAA58183269D300580179 /* CustomApplicationFactory.m */ = {isa = PBXFileReference; fileEncoding = 4; lastKnownFileType = sourcecode.c.objc; path = CustomApplicationFactory.m; sourceTree = "<group>"; };
		C74DAA59183269D300580179 /* CustomConstants.h */ = {isa = PBXFileReference; fileEncoding = 4; lastKnownFileType = sourcecode.c.h; path = CustomConstants.h; sourceTree = "<group>"; };
		C74DAA5F183269D300580179 /* NSDateUtilities.h */ = {isa = PBXFileReference; fileEncoding = 4; lastKnownFileType = sourcecode.c.h; path = NSDateUtilities.h; sourceTree = "<group>"; };
		C74DAA60183269D300580179 /* NSDateUtilities.m */ = {isa = PBXFileReference; fileEncoding = 4; lastKnownFileType = sourcecode.c.objc; path = NSDateUtilities.m; sourceTree = "<group>"; };
		C74DAA68183269D300580179 /* CustomBasicViewController.h */ = {isa = PBXFileReference; fileEncoding = 4; lastKnownFileType = sourcecode.c.h; path = CustomBasicViewController.h; sourceTree = "<group>"; };
		C74DAA69183269D300580179 /* CustomBasicViewController.m */ = {isa = PBXFileReference; fileEncoding = 4; lastKnownFileType = sourcecode.c.objc; path = CustomBasicViewController.m; sourceTree = "<group>"; };
		C74DAA6B183269D300580179 /* CustomSplashScreen.h */ = {isa = PBXFileReference; fileEncoding = 4; lastKnownFileType = sourcecode.c.h; path = CustomSplashScreen.h; sourceTree = "<group>"; };
		C74DAA6C183269D300580179 /* CustomSplashScreen.m */ = {isa = PBXFileReference; fileEncoding = 4; lastKnownFileType = sourcecode.c.objc; path = CustomSplashScreen.m; sourceTree = "<group>"; };
		C74DAA6E183269D300580179 /* CustomColor.h */ = {isa = PBXFileReference; fileEncoding = 4; lastKnownFileType = sourcecode.c.h; path = CustomColor.h; sourceTree = "<group>"; };
		C74DAA6F183269D300580179 /* CustomColor.m */ = {isa = PBXFileReference; fileEncoding = 4; lastKnownFileType = sourcecode.c.objc; path = CustomColor.m; sourceTree = "<group>"; };
		C74DAA70183269D300580179 /* CustomStyleConstants.h */ = {isa = PBXFileReference; fileEncoding = 4; lastKnownFileType = sourcecode.c.h; path = CustomStyleConstants.h; sourceTree = "<group>"; };
		C74DAA71183269D300580179 /* CustomStyleConstants.m */ = {isa = PBXFileReference; fileEncoding = 4; lastKnownFileType = sourcecode.c.objc; path = CustomStyleConstants.m; sourceTree = "<group>"; };
		C74DAA72183269D300580179 /* CustomStyleHandler.h */ = {isa = PBXFileReference; fileEncoding = 4; lastKnownFileType = sourcecode.c.h; path = CustomStyleHandler.h; sourceTree = "<group>"; };
		C74DAA73183269D300580179 /* CustomStyleHandler.m */ = {isa = PBXFileReference; fileEncoding = 4; lastKnownFileType = sourcecode.c.objc; path = CustomStyleHandler.m; sourceTree = "<group>"; };
		C74DAA76183269D300580179 /* actions.xmlx */ = {isa = PBXFileReference; fileEncoding = 4; lastKnownFileType = text; path = actions.xmlx; sourceTree = "<group>"; };
		C74DAA77183269D300580179 /* config.xmlx */ = {isa = PBXFileReference; fileEncoding = 4; lastKnownFileType = text; path = config.xmlx; sourceTree = "<group>"; };
		C74DAA78183269D300580179 /* dialogs.xmlx */ = {isa = PBXFileReference; fileEncoding = 4; lastKnownFileType = text; path = dialogs.xmlx; sourceTree = "<group>"; };
		C74DAA79183269D300580179 /* documents.xmlx */ = {isa = PBXFileReference; fileEncoding = 4; lastKnownFileType = text; path = documents.xmlx; sourceTree = "<group>"; };
		C74DAA7A183269D300580179 /* domains.xmlx */ = {isa = PBXFileReference; fileEncoding = 4; lastKnownFileType = text; path = domains.xmlx; sourceTree = "<group>"; };
		C74DAA7B183269D400580179 /* outcomes.xmlx */ = {isa = PBXFileReference; fileEncoding = 4; lastKnownFileType = text; path = outcomes.xmlx; sourceTree = "<group>"; };
		C74DAA7C183269D400580179 /* pages.xmlx */ = {isa = PBXFileReference; fileEncoding = 4; lastKnownFileType = text; path = pages.xmlx; sourceTree = "<group>"; };
		C74DAA7E183269D400580179 /* applicationproperties.xmlx */ = {isa = PBXFileReference; fileEncoding = 4; lastKnownFileType = text; path = applicationproperties.xmlx; sourceTree = "<group>"; };
		C74DAA7F183269D400580179 /* endpoints.xmlx */ = {isa = PBXFileReference; fileEncoding = 4; lastKnownFileType = text; path = endpoints.xmlx; sourceTree = "<group>"; };
		C74DAA80183269D400580179 /* InitialOutcomes.xmlx */ = {isa = PBXFileReference; fileEncoding = 4; lastKnownFileType = text; path = InitialOutcomes.xmlx; sourceTree = "<group>"; };
		C74DAA81183269D400580179 /* resources.xmlx */ = {isa = PBXFileReference; fileEncoding = 4; lastKnownFileType = text; path = resources.xmlx; sourceTree = "<group>"; };
		C74DAA84183269D400580179 /* ApplicationIcon-72.png */ = {isa = PBXFileReference; lastKnownFileType = image.png; path = "ApplicationIcon-72.png"; sourceTree = "<group>"; };
		C74DAA85183269D400580179 /* ApplicationIcon.png */ = {isa = PBXFileReference; lastKnownFileType = image.png; path = ApplicationIcon.png; sourceTree = "<group>"; };
		C74DAA86183269D400580179 /* ApplicationIcon@2x.png */ = {isa = PBXFileReference; lastKnownFileType = image.png; path = "ApplicationIcon@2x.png"; sourceTree = "<group>"; };
		C74DAA87183269D400580179 /* iTunesArtwork.png */ = {isa = PBXFileReference; lastKnownFileType = image.png; path = iTunesArtwork.png; sourceTree = "<group>"; };
		C74DAA89183269D400580179 /* Background-default.png */ = {isa = PBXFileReference; lastKnownFileType = image.png; path = "Background-default.png"; sourceTree = "<group>"; };
		C74DAA8A183269D400580179 /* Background-default@2x.png */ = {isa = PBXFileReference; lastKnownFileType = image.png; path = "Background-default@2x.png"; sourceTree = "<group>"; };
		C74DAA8C183269D400580179 /* LaunchImage.png */ = {isa = PBXFileReference; lastKnownFileType = image.png; path = LaunchImage.png; sourceTree = "<group>"; };
		C74DAA8D183269D400580179 /* LaunchImage@2x.png */ = {isa = PBXFileReference; lastKnownFileType = image.png; path = "LaunchImage@2x.png"; sourceTree = "<group>"; };
		C74DAA8F183269D400580179 /* Icon_Tab_calendar.png */ = {isa = PBXFileReference; lastKnownFileType = image.png; path = Icon_Tab_calendar.png; sourceTree = "<group>"; };
		C74DAA90183269D400580179 /* Icon_Tab_calendar@2x.png */ = {isa = PBXFileReference; lastKnownFileType = image.png; path = "Icon_Tab_calendar@2x.png"; sourceTree = "<group>"; };
		C74DAA91183269D400580179 /* Icon_Tab_cart.png.png */ = {isa = PBXFileReference; lastKnownFileType = image.png; path = Icon_Tab_cart.png.png; sourceTree = "<group>"; };
		C74DAA92183269D400580179 /* Icon_Tab_cart@2x.png */ = {isa = PBXFileReference; lastKnownFileType = image.png; path = "Icon_Tab_cart@2x.png"; sourceTree = "<group>"; };
		C74DAA93183269D400580179 /* Icon_Tab_home.png */ = {isa = PBXFileReference; lastKnownFileType = image.png; path = Icon_Tab_home.png; sourceTree = "<group>"; };
		C74DAA94183269D400580179 /* Icon_Tab_home@2x.png */ = {isa = PBXFileReference; lastKnownFileType = image.png; path = "Icon_Tab_home@2x.png"; sourceTree = "<group>"; };
		C74DAA95183269D400580179 /* Icon_Tab_Info.png */ = {isa = PBXFileReference; lastKnownFileType = image.png; path = Icon_Tab_Info.png; sourceTree = "<group>"; };
		C74DAA96183269D400580179 /* Icon_Tab_Info@2x.png */ = {isa = PBXFileReference; lastKnownFileType = image.png; path = "Icon_Tab_Info@2x.png"; sourceTree = "<group>"; };
		C74DAA97183269D400580179 /* Icon_Tab_Settings.png */ = {isa = PBXFileReference; lastKnownFileType = image.png; path = Icon_Tab_Settings.png; sourceTree = "<group>"; };
		C74DAA98183269D400580179 /* Icon_Tab_Settings@2x.png */ = {isa = PBXFileReference; lastKnownFileType = image.png; path = "Icon_Tab_Settings@2x.png"; sourceTree = "<group>"; };
		C74DAA99183269D400580179 /* Tab_Home.png */ = {isa = PBXFileReference; lastKnownFileType = image.png; path = Tab_Home.png; sourceTree = "<group>"; };
		C74DAA9A183269D400580179 /* Tab_Home@2x.png */ = {isa = PBXFileReference; lastKnownFileType = image.png; path = "Tab_Home@2x.png"; sourceTree = "<group>"; };
		C74DAA9B183269D400580179 /* Tab_Info.png */ = {isa = PBXFileReference; lastKnownFileType = image.png; path = Tab_Info.png; sourceTree = "<group>"; };
		C74DAA9C183269D400580179 /* Tab_Info@2x.png */ = {isa = PBXFileReference; lastKnownFileType = image.png; path = "Tab_Info@2x.png"; sourceTree = "<group>"; };
		C74DAA9E183269D400580179 /* texts-nl.xmlx */ = {isa = PBXFileReference; fileEncoding = 4; lastKnownFileType = text; path = "texts-nl.xmlx"; sourceTree = "<group>"; };
		C74DAAA1183269D400580179 /* en */ = {isa = PBXFileReference; lastKnownFileType = text.plist.strings; name = en; path = en.lproj/InfoPlist.strings; sourceTree = "<group>"; };
		C74DAAA2183269D400580179 /* main.m */ = {isa = PBXFileReference; fileEncoding = 4; lastKnownFileType = sourcecode.c.objc; path = main.m; sourceTree = "<group>"; };
		C74DAAA3183269D400580179 /* mobbl-blueprint-app-Info.plist */ = {isa = PBXFileReference; fileEncoding = 4; lastKnownFileType = text.plist.xml; path = "mobbl-blueprint-app-Info.plist"; sourceTree = "<group>"; };
		C74DAAA4183269D400580179 /* mobbl-blueprint-app.pch */ = {isa = PBXFileReference; fileEncoding = 4; lastKnownFileType = sourcecode.c.h; path = "mobbl-blueprint-app.pch"; sourceTree = "<group>"; };
		C75A44E818729D580014F708 /* CustomSoapServiceDataHandler.h */ = {isa = PBXFileReference; fileEncoding = 4; lastKnownFileType = sourcecode.c.h; path = CustomSoapServiceDataHandler.h; sourceTree = "<group>"; };
		C75A44E918729D580014F708 /* CustomSoapServiceDataHandler.m */ = {isa = PBXFileReference; fileEncoding = 4; lastKnownFileType = sourcecode.c.objc; path = CustomSoapServiceDataHandler.m; sourceTree = "<group>"; };
		C7784D6A1834F478003D7F1B /* libmobbl-core-lib.a */ = {isa = PBXFileReference; lastKnownFileType = archive.ar; name = "libmobbl-core-lib.a"; path = "../../target/xcode-deps/libs/Release/com.itude.mobile.ios.mobbl/mobbl-core-lib/libmobbl-core-lib.a"; sourceTree = "<group>"; };
		C792DF9A1847A7F900E98C77 /* dialogs_mobbl.xmlx */ = {isa = PBXFileReference; fileEncoding = 4; lastKnownFileType = text; path = dialogs_mobbl.xmlx; sourceTree = "<group>"; };
		C7F62EE6185A206B00E9B6E9 /* MBDatePicker.xib */ = {isa = PBXFileReference; fileEncoding = 4; lastKnownFileType = file.xib; path = MBDatePicker.xib; sourceTree = "<group>"; };
		C7F62EE7185A206B00E9B6E9 /* MBPicker.xib */ = {isa = PBXFileReference; fileEncoding = 4; lastKnownFileType = file.xib; path = MBPicker.xib; sourceTree = "<group>"; };
/* End PBXFileReference section */

/* Begin PBXFrameworksBuildPhase section */
		03F090DE13C7550500A58AE7 /* Frameworks */ = {
			isa = PBXFrameworksBuildPhase;
			buildActionMask = 2147483647;
			files = (
				C7784D6B1834F478003D7F1B /* libmobbl-core-lib.a in Frameworks */,
				C71AC207183379E000A189F1 /* libsqlite3.0.dylib in Frameworks */,
				03F090DF13C7550500A58AE7 /* SystemConfiguration.framework in Frameworks */,
				C71AC20B18337A1000A189F1 /* QuartzCore.framework in Frameworks */,
				03F090E013C7550500A58AE7 /* UIKit.framework in Frameworks */,
				03F090E113C7550500A58AE7 /* Foundation.framework in Frameworks */,
				C71AC209183379F300A189F1 /* AVFoundation.framework in Frameworks */,
				03F090E213C7550500A58AE7 /* CoreGraphics.framework in Frameworks */,
			);
			runOnlyForDeploymentPostprocessing = 0;
		};
/* End PBXFrameworksBuildPhase section */

/* Begin PBXGroup section */
		03F239A613C6FFFA00E9BD32 = {
			isa = PBXGroup;
			children = (
				C74DAA4B183269D300580179 /* mobbl-blueprint-app */,
				03F239B413C6FFFB00E9BD32 /* Frameworks */,
				03F239B213C6FFFB00E9BD32 /* Products */,
			);
			sourceTree = "<group>";
		};
		03F239B213C6FFFB00E9BD32 /* Products */ = {
			isa = PBXGroup;
			children = (
				03F090F213C7550500A58AE7 /* mobbl-blueprint-app.app */,
			);
			name = Products;
			sourceTree = "<group>";
		};
		03F239B413C6FFFB00E9BD32 /* Frameworks */ = {
			isa = PBXGroup;
			children = (
				C7784D6A1834F478003D7F1B /* libmobbl-core-lib.a */,
				C71AC20A18337A1000A189F1 /* QuartzCore.framework */,
				C71AC208183379F300A189F1 /* AVFoundation.framework */,
				C71AC206183379E000A189F1 /* libsqlite3.0.dylib */,
				C707E94D1833633000046DF2 /* libmobbl-core-lib.a */,
				03C1DDC413CC64400070706E /* itude-mobile-iphone-core.framework */,
				03F0969913CB331600A58AE7 /* itude-mobile-iphone-core-i386.framework */,
				03F0877813C7492B00A58AE7 /* SystemConfiguration.framework */,
				03F239B513C6FFFB00E9BD32 /* UIKit.framework */,
				03F239B713C6FFFB00E9BD32 /* Foundation.framework */,
				03F239B913C6FFFB00E9BD32 /* CoreGraphics.framework */,
			);
			name = Frameworks;
			sourceTree = "<group>";
		};
		C74DAA4B183269D300580179 /* mobbl-blueprint-app */ = {
			isa = PBXGroup;
			children = (
				C74DAA4C183269D300580179 /* Classes */,
				C74DAA74183269D300580179 /* Resources */,
				C74DAA9F183269D400580179 /* Supporting Files */,
			);
			path = "mobbl-blueprint-app";
			sourceTree = "<group>";
		};
		C74DAA4C183269D300580179 /* Classes */ = {
			isa = PBXGroup;
			children = (
				C75A44E718729D580014F708 /* Services */,
				C74DAA4D183269D300580179 /* Actions */,
				C74DAA55183269D300580179 /* CustomAppDelegate.h */,
				C74DAA56183269D300580179 /* CustomAppDelegate.m */,
				C74DAA57183269D300580179 /* CustomApplicationFactory.h */,
				C74DAA58183269D300580179 /* CustomApplicationFactory.m */,
				C74DAA59183269D300580179 /* CustomConstants.h */,
				C74DAA5E183269D300580179 /* Util */,
				C74DAA61183269D300580179 /* View */,
			);
			path = Classes;
			sourceTree = "<group>";
		};
		C74DAA4D183269D300580179 /* Actions */ = {
			isa = PBXGroup;
			children = (
				C74DAA4E183269D300580179 /* FireInitialOutcomes.h */,
				C74DAA4F183269D300580179 /* FireInitialOutcomes.m */,
				C74DAA50183269D300580179 /* GenericAction.h */,
				C74DAA51183269D300580179 /* GenericAction.m */,
				C74DAA52183269D300580179 /* Temporary */,
			);
			path = Actions;
			sourceTree = "<group>";
		};
		C74DAA52183269D300580179 /* Temporary */ = {
			isa = PBXGroup;
			children = (
				C74DAA53183269D300580179 /* CustomTemporaryAction.h */,
				C74DAA54183269D300580179 /* CustomTemporaryAction.m */,
			);
			path = Temporary;
			sourceTree = "<group>";
		};
		C74DAA5E183269D300580179 /* Util */ = {
			isa = PBXGroup;
			children = (
				C74DAA5F183269D300580179 /* NSDateUtilities.h */,
				C74DAA60183269D300580179 /* NSDateUtilities.m */,
			);
			path = Util;
			sourceTree = "<group>";
		};
		C74DAA61183269D300580179 /* View */ = {
			isa = PBXGroup;
			children = (
				C74DAA62183269D300580179 /* Builders */,
				C74DAA67183269D300580179 /* Controllers */,
				C74DAA6A183269D300580179 /* Helpers */,
				C74DAA6D183269D300580179 /* StyleHandling */,
			);
			path = View;
			sourceTree = "<group>";
		};
		C74DAA62183269D300580179 /* Builders */ = {
			isa = PBXGroup;
			children = (
			);
			path = Builders;
			sourceTree = "<group>";
		};
		C74DAA67183269D300580179 /* Controllers */ = {
			isa = PBXGroup;
			children = (
				C74DAA68183269D300580179 /* CustomBasicViewController.h */,
				C74DAA69183269D300580179 /* CustomBasicViewController.m */,
			);
			path = Controllers;
			sourceTree = "<group>";
		};
		C74DAA6A183269D300580179 /* Helpers */ = {
			isa = PBXGroup;
			children = (
				C74DAA6B183269D300580179 /* CustomSplashScreen.h */,
				C74DAA6C183269D300580179 /* CustomSplashScreen.m */,
			);
			path = Helpers;
			sourceTree = "<group>";
		};
		C74DAA6D183269D300580179 /* StyleHandling */ = {
			isa = PBXGroup;
			children = (
				C74DAA6E183269D300580179 /* CustomColor.h */,
				C74DAA6F183269D300580179 /* CustomColor.m */,
				C74DAA70183269D300580179 /* CustomStyleConstants.h */,
				C74DAA71183269D300580179 /* CustomStyleConstants.m */,
				C74DAA72183269D300580179 /* CustomStyleHandler.h */,
				C74DAA73183269D300580179 /* CustomStyleHandler.m */,
			);
			path = StyleHandling;
			sourceTree = "<group>";
		};
		C74DAA74183269D300580179 /* Resources */ = {
			isa = PBXGroup;
			children = (
				C7F62EE5185A206B00E9B6E9 /* Xibs */,
				C74DAA75183269D300580179 /* Config */,
				C74DAA7D183269D400580179 /* Documents */,
				C74DAA82183269D400580179 /* Images */,
				C74DAA9D183269D400580179 /* Texts */,
			);
			path = Resources;
			sourceTree = "<group>";
		};
		C74DAA75183269D300580179 /* Config */ = {
			isa = PBXGroup;
			children = (
				C792DF9A1847A7F900E98C77 /* dialogs_mobbl.xmlx */,
				C74DAA76183269D300580179 /* actions.xmlx */,
				C74DAA77183269D300580179 /* config.xmlx */,
				C74DAA78183269D300580179 /* dialogs.xmlx */,
				C74DAA79183269D300580179 /* documents.xmlx */,
				C74DAA7A183269D300580179 /* domains.xmlx */,
				C74DAA7B183269D400580179 /* outcomes.xmlx */,
				C74DAA7C183269D400580179 /* pages.xmlx */,
			);
			path = Config;
			sourceTree = "<group>";
		};
		C74DAA7D183269D400580179 /* Documents */ = {
			isa = PBXGroup;
			children = (
				C74DAA7E183269D400580179 /* applicationproperties.xmlx */,
				C74DAA7F183269D400580179 /* endpoints.xmlx */,
				C74DAA80183269D400580179 /* InitialOutcomes.xmlx */,
				C74DAA81183269D400580179 /* resources.xmlx */,
			);
			path = Documents;
			sourceTree = "<group>";
		};
		C74DAA82183269D400580179 /* Images */ = {
			isa = PBXGroup;
			children = (
				C74DAA83183269D400580179 /* ApplicationIcons */,
				C74DAA88183269D400580179 /* Backgrounds */,
				C74DAA8B183269D400580179 /* LaunchImages */,
				C74DAA8E183269D400580179 /* Tabs */,
			);
			path = Images;
			sourceTree = "<group>";
		};
		C74DAA83183269D400580179 /* ApplicationIcons */ = {
			isa = PBXGroup;
			children = (
				C74DAA84183269D400580179 /* ApplicationIcon-72.png */,
				C74DAA85183269D400580179 /* ApplicationIcon.png */,
				C74DAA86183269D400580179 /* ApplicationIcon@2x.png */,
				C74DAA87183269D400580179 /* iTunesArtwork.png */,
			);
			path = ApplicationIcons;
			sourceTree = "<group>";
		};
		C74DAA88183269D400580179 /* Backgrounds */ = {
			isa = PBXGroup;
			children = (
				C74DAA89183269D400580179 /* Background-default.png */,
				C74DAA8A183269D400580179 /* Background-default@2x.png */,
			);
			path = Backgrounds;
			sourceTree = "<group>";
		};
		C74DAA8B183269D400580179 /* LaunchImages */ = {
			isa = PBXGroup;
			children = (
				C74DAA8C183269D400580179 /* LaunchImage.png */,
				C74DAA8D183269D400580179 /* LaunchImage@2x.png */,
			);
			path = LaunchImages;
			sourceTree = "<group>";
		};
		C74DAA8E183269D400580179 /* Tabs */ = {
			isa = PBXGroup;
			children = (
				C74DAA8F183269D400580179 /* Icon_Tab_calendar.png */,
				C74DAA90183269D400580179 /* Icon_Tab_calendar@2x.png */,
				C74DAA91183269D400580179 /* Icon_Tab_cart.png.png */,
				C74DAA92183269D400580179 /* Icon_Tab_cart@2x.png */,
				C74DAA93183269D400580179 /* Icon_Tab_home.png */,
				C74DAA94183269D400580179 /* Icon_Tab_home@2x.png */,
				C74DAA95183269D400580179 /* Icon_Tab_Info.png */,
				C74DAA96183269D400580179 /* Icon_Tab_Info@2x.png */,
				C74DAA97183269D400580179 /* Icon_Tab_Settings.png */,
				C74DAA98183269D400580179 /* Icon_Tab_Settings@2x.png */,
				C74DAA99183269D400580179 /* Tab_Home.png */,
				C74DAA9A183269D400580179 /* Tab_Home@2x.png */,
				C74DAA9B183269D400580179 /* Tab_Info.png */,
				C74DAA9C183269D400580179 /* Tab_Info@2x.png */,
			);
			path = Tabs;
			sourceTree = "<group>";
		};
		C74DAA9D183269D400580179 /* Texts */ = {
			isa = PBXGroup;
			children = (
				C74DAA9E183269D400580179 /* texts-nl.xmlx */,
			);
			path = Texts;
			sourceTree = "<group>";
		};
		C74DAA9F183269D400580179 /* Supporting Files */ = {
			isa = PBXGroup;
			children = (
				C74DAAA0183269D400580179 /* InfoPlist.strings */,
				C74DAAA2183269D400580179 /* main.m */,
				C74DAAA3183269D400580179 /* mobbl-blueprint-app-Info.plist */,
				C74DAAA4183269D400580179 /* mobbl-blueprint-app.pch */,
			);
			path = "Supporting Files";
			sourceTree = "<group>";
		};
		C75A44E718729D580014F708 /* Services */ = {
			isa = PBXGroup;
			children = (
				C75A44E818729D580014F708 /* CustomSoapServiceDataHandler.h */,
				C75A44E918729D580014F708 /* CustomSoapServiceDataHandler.m */,
			);
			path = Services;
			sourceTree = "<group>";
		};
		C7F62EE5185A206B00E9B6E9 /* Xibs */ = {
			isa = PBXGroup;
			children = (
				C7F62EE6185A206B00E9B6E9 /* MBDatePicker.xib */,
				C7F62EE7185A206B00E9B6E9 /* MBPicker.xib */,
			);
			path = Xibs;
			sourceTree = "<group>";
		};
/* End PBXGroup section */

/* Begin PBXNativeTarget section */
		03F090D913C7550500A58AE7 /* mobbl-blueprint-app */ = {
			isa = PBXNativeTarget;
			buildConfigurationList = 03F090EF13C7550500A58AE7 /* Build configuration list for PBXNativeTarget "mobbl-blueprint-app" */;
			buildPhases = (
				03F090DA13C7550500A58AE7 /* Sources */,
				03F090DE13C7550500A58AE7 /* Frameworks */,
				03F090E413C7550500A58AE7 /* Resources */,
			);
			buildRules = (
			);
			dependencies = (
			);
			name = "mobbl-blueprint-app";
			productName = "itude-mobile-ios-pharmeon-pilservice";
			productReference = 03F090F213C7550500A58AE7 /* mobbl-blueprint-app.app */;
			productType = "com.apple.product-type.application";
		};
/* End PBXNativeTarget section */

/* Begin PBXProject section */
		03F239A813C6FFFA00E9BD32 /* Project object */ = {
			isa = PBXProject;
			attributes = {
				LastUpgradeCheck = 0420;
				ORGANIZATIONNAME = "Itude Mobile";
			};
			buildConfigurationList = 03F239AB13C6FFFB00E9BD32 /* Build configuration list for PBXProject "mobbl-blueprint-app" */;
			compatibilityVersion = "Xcode 3.2";
			developmentRegion = English;
			hasScannedForEncodings = 0;
			knownRegions = (
				en,
				da,
				de,
				es,
				fi,
				fr,
				it,
				ja,
				ko,
				nl,
				no,
				pl,
				pt,
				ru,
				sv,
				zh_CN,
				zh_TW,
				English,
			);
			mainGroup = 03F239A613C6FFFA00E9BD32;
			productRefGroup = 03F239B213C6FFFB00E9BD32 /* Products */;
			projectDirPath = "";
			projectRoot = "";
			targets = (
				03F090D913C7550500A58AE7 /* mobbl-blueprint-app */,
			);
		};
/* End PBXProject section */

/* Begin PBXResourcesBuildPhase section */
		03F090E413C7550500A58AE7 /* Resources */ = {
			isa = PBXResourcesBuildPhase;
			buildActionMask = 2147483647;
			files = (
				C74DAAC6183269D400580179 /* Icon_Tab_calendar.png in Resources */,
				C74DAAD2183269D400580179 /* Tab_Info.png in Resources */,
				C74DAABC183269D400580179 /* InitialOutcomes.xmlx in Resources */,
				C74DAAB5183269D400580179 /* dialogs.xmlx in Resources */,
				C74DAACD183269D400580179 /* Icon_Tab_Info@2x.png in Resources */,
				C74DAACA183269D400580179 /* Icon_Tab_home.png in Resources */,
				C74DAAC4183269D400580179 /* LaunchImage.png in Resources */,
				C74DAABF183269D400580179 /* ApplicationIcon.png in Resources */,
				C74DAACB183269D400580179 /* Icon_Tab_home@2x.png in Resources */,
				C74DAAD7183269D400580179 /* mobbl-blueprint-app-Info.plist in Resources */,
				C74DAAC3183269D400580179 /* Background-default@2x.png in Resources */,
				C74DAAC1183269D400580179 /* iTunesArtwork.png in Resources */,
				C74DAAC8183269D400580179 /* Icon_Tab_cart.png.png in Resources */,
				C7F62EE9185A206B00E9B6E9 /* MBPicker.xib in Resources */,
				C74DAAD3183269D400580179 /* Tab_Info@2x.png in Resources */,
				C74DAAD1183269D400580179 /* Tab_Home@2x.png in Resources */,
				C74DAAB7183269D400580179 /* domains.xmlx in Resources */,
				C74DAAC5183269D400580179 /* LaunchImage@2x.png in Resources */,
				C74DAAC0183269D400580179 /* ApplicationIcon@2x.png in Resources */,
				C74DAAD4183269D400580179 /* texts-nl.xmlx in Resources */,
				C74DAABD183269D400580179 /* resources.xmlx in Resources */,
				C74DAAC7183269D400580179 /* Icon_Tab_calendar@2x.png in Resources */,
				C74DAAC9183269D400580179 /* Icon_Tab_cart@2x.png in Resources */,
				C74DAABB183269D400580179 /* endpoints.xmlx in Resources */,
				C74DAABA183269D400580179 /* applicationproperties.xmlx in Resources */,
				C7F62EE8185A206B00E9B6E9 /* MBDatePicker.xib in Resources */,
				C74DAAB4183269D400580179 /* config.xmlx in Resources */,
				C792DF9B1847A7F900E98C77 /* dialogs_mobbl.xmlx in Resources */,
				C74DAAD0183269D400580179 /* Tab_Home.png in Resources */,
				C74DAAB8183269D400580179 /* outcomes.xmlx in Resources */,
				C74DAAC2183269D400580179 /* Background-default.png in Resources */,
				C74DAABE183269D400580179 /* ApplicationIcon-72.png in Resources */,
				C74DAAB9183269D400580179 /* pages.xmlx in Resources */,
				C74DAAD5183269D400580179 /* InfoPlist.strings in Resources */,
				C74DAAB3183269D400580179 /* actions.xmlx in Resources */,
				C74DAACC183269D400580179 /* Icon_Tab_Info.png in Resources */,
				C74DAAB6183269D400580179 /* documents.xmlx in Resources */,
				C74DAACF183269D400580179 /* Icon_Tab_Settings@2x.png in Resources */,
				C74DAACE183269D400580179 /* Icon_Tab_Settings.png in Resources */,
			);
			runOnlyForDeploymentPostprocessing = 0;
		};
/* End PBXResourcesBuildPhase section */

/* Begin PBXSourcesBuildPhase section */
		03F090DA13C7550500A58AE7 /* Sources */ = {
			isa = PBXSourcesBuildPhase;
			buildActionMask = 2147483647;
			files = (
				C74DAAB2183269D400580179 /* CustomStyleHandler.m in Sources */,
				C74DAAA7183269D400580179 /* CustomTemporaryAction.m in Sources */,
				C74DAAB0183269D400580179 /* CustomColor.m in Sources */,
				C74DAAA8183269D400580179 /* CustomAppDelegate.m in Sources */,
				C74DAAA5183269D400580179 /* FireInitialOutcomes.m in Sources */,
				C74DAAAF183269D400580179 /* CustomSplashScreen.m in Sources */,
				C74DAAAB183269D400580179 /* NSDateUtilities.m in Sources */,
				C74DAAAE183269D400580179 /* CustomBasicViewController.m in Sources */,
				C74DAAD6183269D400580179 /* main.m in Sources */,
				C75A44EA18729D580014F708 /* CustomSoapServiceDataHandler.m in Sources */,
				C74DAAA6183269D400580179 /* GenericAction.m in Sources */,
				C74DAAA9183269D400580179 /* CustomApplicationFactory.m in Sources */,
				C74DAAB1183269D400580179 /* CustomStyleConstants.m in Sources */,
			);
			runOnlyForDeploymentPostprocessing = 0;
		};
/* End PBXSourcesBuildPhase section */

/* Begin PBXVariantGroup section */
		C74DAAA0183269D400580179 /* InfoPlist.strings */ = {
			isa = PBXVariantGroup;
			children = (
				C74DAAA1183269D400580179 /* en */,
			);
			name = InfoPlist.strings;
			sourceTree = "<group>";
		};
/* End PBXVariantGroup section */

/* Begin XCBuildConfiguration section */
		03F090F013C7550500A58AE7 /* Debug */ = {
			isa = XCBuildConfiguration;
			buildSettings = {
				ALWAYS_SEARCH_USER_PATHS = NO;
				ARCHS = "$(ARCHS_STANDARD)";
				COPY_PHASE_STRIP = NO;
				FRAMEWORK_SEARCH_PATHS = "\"$(SRCROOT)\"";
				GCC_DYNAMIC_NO_PIC = NO;
				GCC_PRECOMPILE_PREFIX_HEADER = YES;
				GCC_PREFIX_HEADER = "mobbl-blueprint-app/Supporting Files/mobbl-blueprint-app.pch";
				GCC_PREPROCESSOR_DEFINITIONS = "";
				"GCC_PREPROCESSOR_DEFINITIONS[arch=*]" = DEBUGMOBBL;
				GCC_VERSION = com.apple.compilers.llvm.clang.1_0;
				HEADER_SEARCH_PATHS = (
					"${PROJECT_DIR}/../../target/headers/${BUILD_STYLE}-${PLATFORM_NAME}/**",
					"\"$(SRCROOT)\"",
				);
				INFOPLIST_FILE = "$(SRCROOT)/mobbl-blueprint-app/Supporting Files/mobbl-blueprint-app-Info.plist";
				IPHONEOS_DEPLOYMENT_TARGET = 7.0;
				LIBRARY_SEARCH_PATHS = (
					"${PROJECT_DIR}/../../target/xcode-deps/libs/${BUILD_STYLE}/**",
					"/usr/local/include/**",
					"${PROJECT_DIR}/../../target/libs/${BUILD_STYLE}-${PLATFORM_NAME}/com.itude.mobile.ios.mobbl/mobbl-core-lib",
				);
				ONLY_ACTIVE_ARCH = NO;
				OTHER_LDFLAGS = (
					"-lz",
					"-all_load",
				);
				PRODUCT_NAME = "mobbl-blueprint-app";
				TARGETED_DEVICE_FAMILY = "1,2";
				USER_HEADER_SEARCH_PATHS = "";
				WRAPPER_EXTENSION = app;
			};
			name = Debug;
		};
		03F090F113C7550500A58AE7 /* Release */ = {
			isa = XCBuildConfiguration;
			buildSettings = {
				ALWAYS_SEARCH_USER_PATHS = NO;
				ARCHS = "$(ARCHS_STANDARD)";
				COPY_PHASE_STRIP = YES;
				FRAMEWORK_SEARCH_PATHS = "\"$(SRCROOT)\"";
				GCC_PRECOMPILE_PREFIX_HEADER = YES;
				GCC_PREFIX_HEADER = "mobbl-blueprint-app/Supporting Files/mobbl-blueprint-app.pch";
				"GCC_PREPROCESSOR_DEFINITIONS[arch=*]" = DEBUGMOBBL;
				GCC_VERSION = com.apple.compilers.llvm.clang.1_0;
				HEADER_SEARCH_PATHS = (
					"${PROJECT_DIR}/../../target/headers/${BUILD_STYLE}-${PLATFORM_NAME}/**",
					"\"$(SRCROOT)\"",
				);
				INFOPLIST_FILE = "$(SRCROOT)/mobbl-blueprint-app/Supporting Files/mobbl-blueprint-app-Info.plist";
				IPHONEOS_DEPLOYMENT_TARGET = 7.0;
				LIBRARY_SEARCH_PATHS = (
					"${PROJECT_DIR}/../../target/xcode-deps/libs/${BUILD_STYLE}/**",
					"/usr/local/include/**",
					"${PROJECT_DIR}/../../target/libs/${BUILD_STYLE}-${PLATFORM_NAME}/com.itude.mobile.ios.mobbl/mobbl-core-lib",
				);
				ONLY_ACTIVE_ARCH = NO;
				OTHER_LDFLAGS = (
					"-lz",
					"-licucore",
					"-all_load",
				);
				PRODUCT_NAME = "mobbl-blueprint-app";
				TARGETED_DEVICE_FAMILY = "1,2";
				USER_HEADER_SEARCH_PATHS = "";
				VALIDATE_PRODUCT = YES;
				WRAPPER_EXTENSION = app;
			};
			name = Release;
		};
		03F239E613C6FFFC00E9BD32 /* Debug */ = {
			isa = XCBuildConfiguration;
			buildSettings = {
				ALWAYS_SEARCH_USER_PATHS = YES;
				ARCHS = (
					armv7,
					armv6,
				);
				CODE_SIGN_IDENTITY = "iPhone Developer";
				"CODE_SIGN_IDENTITY[sdk=iphoneos*]" = "iPhone Developer";
				FRAMEWORK_SEARCH_PATHS = (
					"\"$(SRCROOT)\"",
					"\"$(DEVELOPER_FRAMEWORKS_DIR)\"",
					"\"$(inherited)\"",
				);
				GCC_C_LANGUAGE_STANDARD = c99;
				GCC_OPTIMIZATION_LEVEL = s;
				GCC_PREPROCESSOR_DEFINITIONS = "";
				GCC_SYMBOLS_PRIVATE_EXTERN = NO;
				GCC_VERSION = 4.2;
				GCC_WARN_ABOUT_RETURN_TYPE = YES;
				GCC_WARN_UNUSED_VARIABLE = YES;
				HEADER_SEARCH_PATHS = "\\usr\\include/**";
				IPHONEOS_DEPLOYMENT_TARGET = 7.0;
				"OTHER_CFLAGS[arch=*]" = "-DDEBUG";
				OTHER_LDFLAGS = "-lz";
				PRODUCT_NAME = "";
				PROVISIONING_PROFILE = "";
				SDKROOT = iphoneos;
			};
			name = Debug;
		};
		03F239E713C6FFFC00E9BD32 /* Release */ = {
			isa = XCBuildConfiguration;
			buildSettings = {
				ALWAYS_SEARCH_USER_PATHS = YES;
				ARCHS = (
					armv7,
					armv6,
				);
				CODE_SIGN_IDENTITY = "iPhone Developer";
				"CODE_SIGN_IDENTITY[sdk=iphoneos*]" = "iPhone Developer";
				FRAMEWORK_SEARCH_PATHS = (
					"\"$(SRCROOT)\"",
					"\"$(DEVELOPER_FRAMEWORKS_DIR)\"",
					"\"$(inherited)\"",
				);
				GCC_C_LANGUAGE_STANDARD = c99;
				GCC_VERSION = 4.2;
				GCC_WARN_ABOUT_RETURN_TYPE = YES;
				GCC_WARN_UNUSED_VARIABLE = YES;
				HEADER_SEARCH_PATHS = "\\usr\\include/**";
				IPHONEOS_DEPLOYMENT_TARGET = 7.0;
				OTHER_CFLAGS = "-DNS_BLOCK_ASSERTIONS=1";
				OTHER_LDFLAGS = "-licucore";
				PRODUCT_NAME = "";
				PROVISIONING_PROFILE = "";
				SDKROOT = iphoneos;
			};
			name = Release;
		};
		BD1BDB791402902600303D2D /* Distribution */ = {
			isa = XCBuildConfiguration;
			buildSettings = {
				ALWAYS_SEARCH_USER_PATHS = YES;
				ARCHS = (
					armv7,
					armv6,
				);
				CODE_SIGN_IDENTITY = "iPhone Developer";
				"CODE_SIGN_IDENTITY[sdk=iphoneos*]" = "iPhone Distribution";
				FRAMEWORK_SEARCH_PATHS = (
					"\"$(SRCROOT)\"",
					"\"$(DEVELOPER_FRAMEWORKS_DIR)\"",
					"\"$(inherited)\"",
				);
				GCC_C_LANGUAGE_STANDARD = c99;
				GCC_VERSION = 4.2;
				GCC_WARN_ABOUT_RETURN_TYPE = YES;
				GCC_WARN_UNUSED_VARIABLE = YES;
				HEADER_SEARCH_PATHS = "\\usr\\include/**";
				IPHONEOS_DEPLOYMENT_TARGET = 7.0;
				OTHER_CFLAGS = "-DNS_BLOCK_ASSERTIONS=1";
				OTHER_LDFLAGS = "-licucore";
				PRODUCT_NAME = "";
				PROVISIONING_PROFILE = "";
				"PROVISIONING_PROFILE[sdk=iphoneos*]" = "";
				SDKROOT = iphoneos;
			};
			name = Distribution;
		};
		BD1BDB7D1402902600303D2D /* Distribution */ = {
			isa = XCBuildConfiguration;
			buildSettings = {
				ALWAYS_SEARCH_USER_PATHS = NO;
				ARCHS = "$(ARCHS_STANDARD)";
				CODE_SIGN_IDENTITY = "iPhone Distribution";
				COPY_PHASE_STRIP = YES;
				FRAMEWORK_SEARCH_PATHS = "\"$(SRCROOT)\"";
				GCC_PRECOMPILE_PREFIX_HEADER = YES;
				GCC_PREFIX_HEADER = "mobbl-blueprint-app/Supporting Files/mobbl-blueprint-app.pch";
				"GCC_PREPROCESSOR_DEFINITIONS[arch=*]" = DEBUGMOBBL;
				GCC_VERSION = com.apple.compilers.llvm.clang.1_0;
				HEADER_SEARCH_PATHS = (
					"${PROJECT_DIR}/../../target/headers/${BUILD_STYLE}-${PLATFORM_NAME}/**",
					"\"$(SRCROOT)\"",
				);
				INFOPLIST_FILE = "$(SRCROOT)/mobbl-blueprint-app/Supporting Files/mobbl-blueprint-app-Info.plist";
				IPHONEOS_DEPLOYMENT_TARGET = 7.0;
				LIBRARY_SEARCH_PATHS = (
					"${PROJECT_DIR}/../../target/xcode-deps/libs/${BUILD_STYLE}/**",
					"/usr/local/include/**",
					"${PROJECT_DIR}/../../target/libs/${BUILD_STYLE}-${PLATFORM_NAME}/com.itude.mobile.ios.mobbl/mobbl-core-lib",
				);
				ONLY_ACTIVE_ARCH = NO;
				OTHER_LDFLAGS = (
					"-lz",
					"-licucore",
					"-all_load",
				);
				PRODUCT_NAME = "mobbl-blueprint-app";
				PROVISIONING_PROFILE = "";
				TARGETED_DEVICE_FAMILY = "1,2";
				USER_HEADER_SEARCH_PATHS = "";
				VALIDATE_PRODUCT = YES;
				WRAPPER_EXTENSION = app;
			};
			name = Distribution;
		};
/* End XCBuildConfiguration section */

/* Begin XCConfigurationList section */
		03F090EF13C7550500A58AE7 /* Build configuration list for PBXNativeTarget "mobbl-blueprint-app" */ = {
			isa = XCConfigurationList;
			buildConfigurations = (
				03F090F013C7550500A58AE7 /* Debug */,
				03F090F113C7550500A58AE7 /* Release */,
				BD1BDB7D1402902600303D2D /* Distribution */,
			);
			defaultConfigurationIsVisible = 0;
			defaultConfigurationName = Release;
		};
		03F239AB13C6FFFB00E9BD32 /* Build configuration list for PBXProject "mobbl-blueprint-app" */ = {
			isa = XCConfigurationList;
			buildConfigurations = (
				03F239E613C6FFFC00E9BD32 /* Debug */,
				03F239E713C6FFFC00E9BD32 /* Release */,
				BD1BDB791402902600303D2D /* Distribution */,
			);
			defaultConfigurationIsVisible = 0;
			defaultConfigurationName = Release;
		};
/* End XCConfigurationList section */
	};
	rootObject = 03F239A813C6FFFA00E9BD32 /* Project object */;
}
